
Microsoft Visual Studio Solution File, Format Version 12.00
# Visual Studio 15
Project("{FAE04EC0-301F-11D3-BF4B-00C04F79EFBC}") = "Sledge.FileSystem", "Sledge.FileSystem.csproj", "{1C2C012D-DBA5-4C7F-994F-E3034AC60DCC}"
EndProject
Global
	GlobalSection(SolutionConfigurationPlatforms) = preSolution
		Debug|Any CPU = Debug|Any CPU
		Release|Any CPU = Release|Any CPU
		Debug %28Extra%29|Any CPU = Debug %28Extra%29|Any CPU
	EndGlobalSection
	GlobalSection(ProjectConfigurationPlatforms) = postSolution
		{1C2C012D-DBA5-4C7F-994F-E3034AC60DCC}.Debug|Any CPU.ActiveCfg = Debug|Any CPU
		{1C2C012D-DBA5-4C7F-994F-E3034AC60DCC}.Debug|Any CPU.Build.0 = Debug|Any CPU
		{1C2C012D-DBA5-4C7F-994F-E3034AC60DCC}.Release|Any CPU.ActiveCfg = Release|Any CPU
		{1C2C012D-DBA5-4C7F-994F-E3034AC60DCC}.Release|Any CPU.Build.0 = Release|Any CPU
		{1C2C012D-DBA5-4C7F-994F-E3034AC60DCC}.Debug %28Extra%29|Any CPU.ActiveCfg = Debug %28Extra%29|Any CPU
		{1C2C012D-DBA5-4C7F-994F-E3034AC60DCC}.Debug %28Extra%29|Any CPU.Build.0 = Debug %28Extra%29|Any CPU
	EndGlobalSection
EndGlobal
